{
  "requires": true,
  "lockfileVersion": 1,
  "dependencies": {
    "jquery-csv": {
      "version": "1.0.5",
      "resolved": "https://registry.npmjs.org/jquery-csv/-/jquery-csv-1.0.5.tgz",
      "integrity": "sha512-OPn6Laqng6n23WBTZdQM9EmHgqg3q97ViOa5Eav5pScx9L5v2O6ODzjQzD9pleetWSuI8mSLTtyytNgeMFm3bA=="
    }
  }
}
